// !$*UTF8*$!
{
	archiveVersion = 1;
	classes = {
	};
	objectVersion = 56;
	objects = {

/* Begin PBXBuildFile section */
		98F32A1D2C576BE9007444C6 /* CustomKeyboardSwiftUIApp.swift in Sources */ = {isa = PBXBuildFile; fileRef = 98F32A1C2C576BE9007444C6 /* CustomKeyboardSwiftUIApp.swift */; };
		98F32A1F2C576BE9007444C6 /* ContentView.swift in Sources */ = {isa = PBXBuildFile; fileRef = 98F32A1E2C576BE9007444C6 /* ContentView.swift */; };
		98F32A212C576BEB007444C6 /* Assets.xcassets in Resources */ = {isa = PBXBuildFile; fileRef = 98F32A202C576BEB007444C6 /* Assets.xcassets */; };
		98F32A242C576BEB007444C6 /* Preview Assets.xcassets in Resources */ = {isa = PBXBuildFile; fileRef = 98F32A232C576BEB007444C6 /* Preview Assets.xcassets */; };
		98F32A262C576BEB007444C6 /* Persistence.swift in Sources */ = {isa = PBXBuildFile; fileRef = 98F32A252C576BEB007444C6 /* Persistence.swift */; };
		98F32A292C576BEB007444C6 /* CustomKeyboardSwiftUI.xcdatamodeld in Sources */ = {isa = PBXBuildFile; fileRef = 98F32A272C576BEB007444C6 /* CustomKeyboardSwiftUI.xcdatamodeld */; };
		98F32A332C576BEB007444C6 /* CustomKeyboardSwiftUITests.swift in Sources */ = {isa = PBXBuildFile; fileRef = 98F32A322C576BEB007444C6 /* CustomKeyboardSwiftUITests.swift */; };
		98F32A3D2C576BEB007444C6 /* CustomKeyboardSwiftUIUITests.swift in Sources */ = {isa = PBXBuildFile; fileRef = 98F32A3C2C576BEB007444C6 /* CustomKeyboardSwiftUIUITests.swift */; };
		98F32A3F2C576BEB007444C6 /* CustomKeyboardSwiftUIUITestsLaunchTests.swift in Sources */ = {isa = PBXBuildFile; fileRef = 98F32A3E2C576BEB007444C6 /* CustomKeyboardSwiftUIUITestsLaunchTests.swift */; };
		98F32A4C2C57717E007444C6 /* CustomKeyboardView.swift in Sources */ = {isa = PBXBuildFile; fileRef = 98F32A4B2C57717E007444C6 /* CustomKeyboardView.swift */; };
/* End PBXBuildFile section */

/* Begin PBXContainerItemProxy section */
		98F32A2F2C576BEB007444C6 /* PBXContainerItemProxy */ = {
			isa = PBXContainerItemProxy;
			containerPortal = 98F32A112C576BE9007444C6 /* Project object */;
			proxyType = 1;
			remoteGlobalIDString = 98F32A182C576BE9007444C6;
			remoteInfo = CustomKeyboardSwiftUI;
		};
		98F32A392C576BEB007444C6 /* PBXContainerItemProxy */ = {
			isa = PBXContainerItemProxy;
			containerPortal = 98F32A112C576BE9007444C6 /* Project object */;
			proxyType = 1;
			remoteGlobalIDString = 98F32A182C576BE9007444C6;
			remoteInfo = CustomKeyboardSwiftUI;
		};
/* End PBXContainerItemProxy section */

/* Begin PBXFileReference section */
		98F32A192C576BE9007444C6 /* CustomKeyboardSwiftUI.app */ = {isa = PBXFileReference; explicitFileType = wrapper.application; includeInIndex = 0; path = CustomKeyboardSwiftUI.app; sourceTree = BUILT_PRODUCTS_DIR; };
		98F32A1C2C576BE9007444C6 /* CustomKeyboardSwiftUIApp.swift */ = {isa = PBXFileReference; lastKnownFileType = sourcecode.swift; path = CustomKeyboardSwiftUIApp.swift; sourceTree = "<group>"; };
		98F32A1E2C576BE9007444C6 /* ContentView.swift */ = {isa = PBXFileReference; lastKnownFileType = sourcecode.swift; path = ContentView.swift; sourceTree = "<group>"; };
		98F32A202C576BEB007444C6 /* Assets.xcassets */ = {isa = PBXFileReference; lastKnownFileType = folder.assetcatalog; path = Assets.xcassets; sourceTree = "<group>"; };
		98F32A232C576BEB007444C6 /* Preview Assets.xcassets */ = {isa = PBXFileReference; lastKnownFileType = folder.assetcatalog; path = "Preview Assets.xcassets"; sourceTree = "<group>"; };
		98F32A252C576BEB007444C6 /* Persistence.swift */ = {isa = PBXFileReference; lastKnownFileType = sourcecode.swift; path = Persistence.swift; sourceTree = "<group>"; };
		98F32A282C576BEB007444C6 /* CustomKeyboardSwiftUI.xcdatamodel */ = {isa = PBXFileReference; lastKnownFileType = wrapper.xcdatamodel; path = CustomKeyboardSwiftUI.xcdatamodel; sourceTree = "<group>"; };
		98F32A2E2C576BEB007444C6 /* CustomKeyboardSwiftUITests.xctest */ = {isa = PBXFileReference; explicitFileType = wrapper.cfbundle; includeInIndex = 0; path = CustomKeyboardSwiftUITests.xctest; sourceTree = BUILT_PRODUCTS_DIR; };
		98F32A322C576BEB007444C6 /* CustomKeyboardSwiftUITests.swift */ = {isa = PBXFileReference; lastKnownFileType = sourcecode.swift; path = CustomKeyboardSwiftUITests.swift; sourceTree = "<group>"; };
		98F32A382C576BEB007444C6 /* CustomKeyboardSwiftUIUITests.xctest */ = {isa = PBXFileReference; explicitFileType = wrapper.cfbundle; includeInIndex = 0; path = CustomKeyboardSwiftUIUITests.xctest; sourceTree = BUILT_PRODUCTS_DIR; };
		98F32A3C2C576BEB007444C6 /* CustomKeyboardSwiftUIUITests.swift */ = {isa = PBXFileReference; lastKnownFileType = sourcecode.swift; path = CustomKeyboardSwiftUIUITests.swift; sourceTree = "<group>"; };
		98F32A3E2C576BEB007444C6 /* CustomKeyboardSwiftUIUITestsLaunchTests.swift */ = {isa = PBXFileReference; lastKnownFileType = sourcecode.swift; path = CustomKeyboardSwiftUIUITestsLaunchTests.swift; sourceTree = "<group>"; };
		98F32A4B2C57717E007444C6 /* CustomKeyboardView.swift */ = {isa = PBXFileReference; lastKnownFileType = sourcecode.swift; path = CustomKeyboardView.swift; sourceTree = "<group>"; };
/* End PBXFileReference section */

/* Begin PBXFrameworksBuildPhase section */
		98F32A162C576BE9007444C6 /* Frameworks */ = {
			isa = PBXFrameworksBuildPhase;
			buildActionMask = 2147483647;
			files = (
			);
			runOnlyForDeploymentPostprocessing = 0;
		};
		98F32A2B2C576BEB007444C6 /* Frameworks */ = {
			isa = PBXFrameworksBuildPhase;
			buildActionMask = 2147483647;
			files = (
			);
			runOnlyForDeploymentPostprocessing = 0;
		};
		98F32A352C576BEB007444C6 /* Frameworks */ = {
			isa = PBXFrameworksBuildPhase;
			buildActionMask = 2147483647;
			files = (
			);
			runOnlyForDeploymentPostprocessing = 0;
		};
/* End PBXFrameworksBuildPhase section */

/* Begin PBXGroup section */
		98F32A102C576BE9007444C6 = {
			isa = PBXGroup;
			children = (
				98F32A1B2C576BE9007444C6 /* CustomKeyboardSwiftUI */,
				98F32A312C576BEB007444C6 /* CustomKeyboardSwiftUITests */,
				98F32A3B2C576BEB007444C6 /* CustomKeyboardSwiftUIUITests */,
				98F32A1A2C576BE9007444C6 /* Products */,
			);
			sourceTree = "<group>";
		};
		98F32A1A2C576BE9007444C6 /* Products */ = {
			isa = PBXGroup;
			children = (
				98F32A192C576BE9007444C6 /* CustomKeyboardSwiftUI.app */,
				98F32A2E2C576BEB007444C6 /* CustomKeyboardSwiftUITests.xctest */,
				98F32A382C576BEB007444C6 /* CustomKeyboardSwiftUIUITests.xctest */,
			);
			name = Products;
			sourceTree = "<group>";
		};
		98F32A1B2C576BE9007444C6 /* CustomKeyboardSwiftUI */ = {
			isa = PBXGroup;
			children = (
				98F32A1C2C576BE9007444C6 /* CustomKeyboardSwiftUIApp.swift */,
				98F32A1E2C576BE9007444C6 /* ContentView.swift */,
				98F32A202C576BEB007444C6 /* Assets.xcassets */,
				98F32A252C576BEB007444C6 /* Persistence.swift */,
				98F32A272C576BEB007444C6 /* CustomKeyboardSwiftUI.xcdatamodeld */,
				98F32A222C576BEB007444C6 /* Preview Content */,
				98F32A4B2C57717E007444C6 /* CustomKeyboardView.swift */,
			);
			path = CustomKeyboardSwiftUI;
			sourceTree = "<group>";
		};
		98F32A222C576BEB007444C6 /* Preview Content */ = {
			isa = PBXGroup;
			children = (
				98F32A232C576BEB007444C6 /* Preview Assets.xcassets */,
			);
			path = "Preview Content";
			sourceTree = "<group>";
		};
		98F32A312C576BEB007444C6 /* CustomKeyboardSwiftUITests */ = {
			isa = PBXGroup;
			children = (
				98F32A322C576BEB007444C6 /* CustomKeyboardSwiftUITests.swift */,
			);
			path = CustomKeyboardSwiftUITests;
			sourceTree = "<group>";
		};
		98F32A3B2C576BEB007444C6 /* CustomKeyboardSwiftUIUITests */ = {
			isa = PBXGroup;
			children = (
				98F32A3C2C576BEB007444C6 /* CustomKeyboardSwiftUIUITests.swift */,
				98F32A3E2C576BEB007444C6 /* CustomKeyboardSwiftUIUITestsLaunchTests.swift */,
			);
			path = CustomKeyboardSwiftUIUITests;
			sourceTree = "<group>";
		};
/* End PBXGroup section */

/* Begin PBXNativeTarget section */
		98F32A182C576BE9007444C6 /* CustomKeyboardSwiftUI */ = {
			isa = PBXNativeTarget;
			buildConfigurationList = 98F32A422C576BEB007444C6 /* Build configuration list for PBXNativeTarget "CustomKeyboardSwiftUI" */;
			buildPhases = (
				98F32A152C576BE9007444C6 /* Sources */,
				98F32A162C576BE9007444C6 /* Frameworks */,
				98F32A172C576BE9007444C6 /* Resources */,
			);
			buildRules = (
			);
			dependencies = (
			);
			name = CustomKeyboardSwiftUI;
			productName = CustomKeyboardSwiftUI;
			productReference = 98F32A192C576BE9007444C6 /* CustomKeyboardSwiftUI.app */;
			productType = "com.apple.product-type.application";
		};
		98F32A2D2C576BEB007444C6 /* CustomKeyboardSwiftUITests */ = {
			isa = PBXNativeTarget;
			buildConfigurationList = 98F32A452C576BEB007444C6 /* Build configuration list for PBXNativeTarget "CustomKeyboardSwiftUITests" */;
			buildPhases = (
				98F32A2A2C576BEB007444C6 /* Sources */,
				98F32A2B2C576BEB007444C6 /* Frameworks */,
				98F32A2C2C576BEB007444C6 /* Resources */,
			);
			buildRules = (
			);
			dependencies = (
				98F32A302C576BEB007444C6 /* PBXTargetDependency */,
			);
			name = CustomKeyboardSwiftUITests;
			productName = CustomKeyboardSwiftUITests;
			productReference = 98F32A2E2C576BEB007444C6 /* CustomKeyboardSwiftUITests.xctest */;
			productType = "com.apple.product-type.bundle.unit-test";
		};
		98F32A372C576BEB007444C6 /* CustomKeyboardSwiftUIUITests */ = {
			isa = PBXNativeTarget;
			buildConfigurationList = 98F32A482C576BEB007444C6 /* Build configuration list for PBXNativeTarget "CustomKeyboardSwiftUIUITests" */;
			buildPhases = (
				98F32A342C576BEB007444C6 /* Sources */,
				98F32A352C576BEB007444C6 /* Frameworks */,
				98F32A362C576BEB007444C6 /* Resources */,
			);
			buildRules = (
			);
			dependencies = (
				98F32A3A2C576BEB007444C6 /* PBXTargetDependency */,
			);
			name = CustomKeyboardSwiftUIUITests;
			productName = CustomKeyboardSwiftUIUITests;
			productReference = 98F32A382C576BEB007444C6 /* CustomKeyboardSwiftUIUITests.xctest */;
			productType = "com.apple.product-type.bundle.ui-testing";
		};
/* End PBXNativeTarget section */

/* Begin PBXProject section */
		98F32A112C576BE9007444C6 /* Project object */ = {
			isa = PBXProject;
			attributes = {
				BuildIndependentTargetsInParallel = 1;
				LastSwiftUpdateCheck = 1540;
				LastUpgradeCheck = 1540;
				TargetAttributes = {
					98F32A182C576BE9007444C6 = {
						CreatedOnToolsVersion = 15.4;
					};
					98F32A2D2C576BEB007444C6 = {
						CreatedOnToolsVersion = 15.4;
						TestTargetID = 98F32A182C576BE9007444C6;
					};
					98F32A372C576BEB007444C6 = {
						CreatedOnToolsVersion = 15.4;
						TestTargetID = 98F32A182C576BE9007444C6;
					};
				};
			};
			buildConfigurationList = 98F32A142C576BE9007444C6 /* Build configuration list for PBXProject "CustomKeyboardSwiftUI" */;
			compatibilityVersion = "Xcode 14.0";
			developmentRegion = en;
			hasScannedForEncodings = 0;
			knownRegions = (
				en,
				Base,
			);
			mainGroup = 98F32A102C576BE9007444C6;
			productRefGroup = 98F32A1A2C576BE9007444C6 /* Products */;
			projectDirPath = "";
			projectRoot = "";
			targets = (
				98F32A182C576BE9007444C6 /* CustomKeyboardSwiftUI */,
				98F32A2D2C576BEB007444C6 /* CustomKeyboardSwiftUITests */,
				98F32A372C576BEB007444C6 /* CustomKeyboardSwiftUIUITests */,
			);
		};
/* End PBXProject section */

/* Begin PBXResourcesBuildPhase section */
		98F32A172C576BE9007444C6 /* Resources */ = {
			isa = PBXResourcesBuildPhase;
			buildActionMask = 2147483647;
			files = (
				98F32A242C576BEB007444C6 /* Preview Assets.xcassets in Resources */,
				98F32A212C576BEB007444C6 /* Assets.xcassets in Resources */,
			);
			runOnlyForDeploymentPostprocessing = 0;
		};
		98F32A2C2C576BEB007444C6 /* Resources */ = {
			isa = PBXResourcesBuildPhase;
			buildActionMask = 2147483647;
			files = (
			);
			runOnlyForDeploymentPostprocessing = 0;
		};
		98F32A362C576BEB007444C6 /* Resources */ = {
			isa = PBXResourcesBuildPhase;
			buildActionMask = 2147483647;
			files = (
			);
			runOnlyForDeploymentPostprocessing = 0;
		};
/* End PBXResourcesBuildPhase section */

/* Begin PBXSourcesBuildPhase section */
		98F32A152C576BE9007444C6 /* Sources */ = {
			isa = PBXSourcesBuildPhase;
			buildActionMask = 2147483647;
			files = (
				98F32A262C576BEB007444C6 /* Persistence.swift in Sources */,
				98F32A292C576BEB007444C6 /* CustomKeyboardSwiftUI.xcdatamodeld in Sources */,
				98F32A1F2C576BE9007444C6 /* ContentView.swift in Sources */,
				98F32A1D2C576BE9007444C6 /* CustomKeyboardSwiftUIApp.swift in Sources */,
				98F32A4C2C57717E007444C6 /* CustomKeyboardView.swift in Sources */,
			);
			runOnlyForDeploymentPostprocessing = 0;
		};
		98F32A2A2C576BEB007444C6 /* Sources */ = {
			isa = PBXSourcesBuildPhase;
			buildActionMask = 2147483647;
			files = (
				98F32A332C576BEB007444C6 /* CustomKeyboardSwiftUITests.swift in Sources */,
			);
			runOnlyForDeploymentPostprocessing = 0;
		};
		98F32A342C576BEB007444C6 /* Sources */ = {
			isa = PBXSourcesBuildPhase;
			buildActionMask = 2147483647;
			files = (
				98F32A3F2C576BEB007444C6 /* CustomKeyboardSwiftUIUITestsLaunchTests.swift in Sources */,
				98F32A3D2C576BEB007444C6 /* CustomKeyboardSwiftUIUITests.swift in Sources */,
			);
			runOnlyForDeploymentPostprocessing = 0;
		};
/* End PBXSourcesBuildPhase section */

/* Begin PBXTargetDependency section */
		98F32A302C576BEB007444C6 /* PBXTargetDependency */ = {
			isa = PBXTargetDependency;
			target = 98F32A182C576BE9007444C6 /* CustomKeyboardSwiftUI */;
			targetProxy = 98F32A2F2C576BEB007444C6 /* PBXContainerItemProxy */;
		};
		98F32A3A2C576BEB007444C6 /* PBXTargetDependency */ = {
			isa = PBXTargetDependency;
			target = 98F32A182C576BE9007444C6 /* CustomKeyboardSwiftUI */;
			targetProxy = 98F32A392C576BEB007444C6 /* PBXContainerItemProxy */;
		};
/* End PBXTargetDependency section */

/* Begin XCBuildConfiguration section */
		98F32A402C576BEB007444C6 /* Debug */ = {
			isa = XCBuildConfiguration;
			buildSettings = {
				ALWAYS_SEARCH_USER_PATHS = NO;
				ASSETCATALOG_COMPILER_GENERATE_SWIFT_ASSET_SYMBOL_EXTENSIONS = YES;
				CLANG_ANALYZER_NONNULL = YES;
				CLANG_ANALYZER_NUMBER_OBJECT_CONVERSION = YES_AGGRESSIVE;
				CLANG_CXX_LANGUAGE_STANDARD = "gnu++20";
				CLANG_ENABLE_MODULES = YES;
				CLANG_ENABLE_OBJC_ARC = YES;
				CLANG_ENABLE_OBJC_WEAK = YES;
				CLANG_WARN_BLOCK_CAPTURE_AUTORELEASING = YES;
				CLANG_WARN_BOOL_CONVERSION = YES;
				CLANG_WARN_COMMA = YES;
				CLANG_WARN_CONSTANT_CONVERSION = YES;
				CLANG_WARN_DEPRECATED_OBJC_IMPLEMENTATIONS = YES;
				CLANG_WARN_DIRECT_OBJC_ISA_USAGE = YES_ERROR;
				CLANG_WARN_DOCUMENTATION_COMMENTS = YES;
				CLANG_WARN_EMPTY_BODY = YES;
				CLANG_WARN_ENUM_CONVERSION = YES;
				CLANG_WARN_INFINITE_RECURSION = YES;
				CLANG_WARN_INT_CONVERSION = YES;
				CLANG_WARN_NON_LITERAL_NULL_CONVERSION = YES;
				CLANG_WARN_OBJC_IMPLICIT_RETAIN_SELF = YES;
				CLANG_WARN_OBJC_LITERAL_CONVERSION = YES;
				CLANG_WARN_OBJC_ROOT_CLASS = YES_ERROR;
				CLANG_WARN_QUOTED_INCLUDE_IN_FRAMEWORK_HEADER = YES;
				CLANG_WARN_RANGE_LOOP_ANALYSIS = YES;
				CLANG_WARN_STRICT_PROTOTYPES = YES;
				CLANG_WARN_SUSPICIOUS_MOVE = YES;
				CLANG_WARN_UNGUARDED_AVAILABILITY = YES_AGGRESSIVE;
				CLANG_WARN_UNREACHABLE_CODE = YES;
				CLANG_WARN__DUPLICATE_METHOD_MATCH = YES;
				COPY_PHASE_STRIP = NO;
				DEBUG_INFORMATION_FORMAT = dwarf;
				ENABLE_STRICT_OBJC_MSGSEND = YES;
				ENABLE_TESTABILITY = YES;
				ENABLE_USER_SCRIPT_SANDBOXING = YES;
				GCC_C_LANGUAGE_STANDARD = gnu17;
				GCC_DYNAMIC_NO_PIC = NO;
				GCC_NO_COMMON_BLOCKS = YES;
				GCC_OPTIMIZATION_LEVEL = 0;
				GCC_PREPROCESSOR_DEFINITIONS = (
					"DEBUG=1",
					"$(inherited)",
				);
				GCC_WARN_64_TO_32_BIT_CONVERSION = YES;
				GCC_WARN_ABOUT_RETURN_TYPE = YES_ERROR;
				GCC_WARN_UNDECLARED_SELECTOR = YES;
				GCC_WARN_UNINITIALIZED_AUTOS = YES_AGGRESSIVE;
				GCC_WARN_UNUSED_FUNCTION = YES;
				GCC_WARN_UNUSED_VARIABLE = YES;
				IPHONEOS_DEPLOYMENT_TARGET = 17.5;
				LOCALIZATION_PREFERS_STRING_CATALOGS = YES;
				MTL_ENABLE_DEBUG_INFO = INCLUDE_SOURCE;
				MTL_FAST_MATH = YES;
				ONLY_ACTIVE_ARCH = YES;
				SDKROOT = iphoneos;
				SWIFT_ACTIVE_COMPILATION_CONDITIONS = "DEBUG $(inherited)";
				SWIFT_OPTIMIZATION_LEVEL = "-Onone";
			};
			name = Debug;
		};
		98F32A412C576BEB007444C6 /* Release */ = {
			isa = XCBuildConfiguration;
			buildSettings = {
				ALWAYS_SEARCH_USER_PATHS = NO;
				ASSETCATALOG_COMPILER_GENERATE_SWIFT_ASSET_SYMBOL_EXTENSIONS = YES;
				CLANG_ANALYZER_NONNULL = YES;
				CLANG_ANALYZER_NUMBER_OBJECT_CONVERSION = YES_AGGRESSIVE;
				CLANG_CXX_LANGUAGE_STANDARD = "gnu++20";
				CLANG_ENABLE_MODULES = YES;
				CLANG_ENABLE_OBJC_ARC = YES;
				CLANG_ENABLE_OBJC_WEAK = YES;
				CLANG_WARN_BLOCK_CAPTURE_AUTORELEASING = YES;
				CLANG_WARN_BOOL_CONVERSION = YES;
				CLANG_WARN_COMMA = YES;
				CLANG_WARN_CONSTANT_CONVERSION = YES;
				CLANG_WARN_DEPRECATED_OBJC_IMPLEMENTATIONS = YES;
				CLANG_WARN_DIRECT_OBJC_ISA_USAGE = YES_ERROR;
				CLANG_WARN_DOCUMENTATION_COMMENTS = YES;
				CLANG_WARN_EMPTY_BODY = YES;
				CLANG_WARN_ENUM_CONVERSION = YES;
				CLANG_WARN_INFINITE_RECURSION = YES;
				CLANG_WARN_INT_CONVERSION = YES;
				CLANG_WARN_NON_LITERAL_NULL_CONVERSION = YES;
				CLANG_WARN_OBJC_IMPLICIT_RETAIN_SELF = YES;
				CLANG_WARN_OBJC_LITERAL_CONVERSION = YES;
				CLANG_WARN_OBJC_ROOT_CLASS = YES_ERROR;
				CLANG_WARN_QUOTED_INCLUDE_IN_FRAMEWORK_HEADER = YES;
				CLANG_WARN_RANGE_LOOP_ANALYSIS = YES;
				CLANG_WARN_STRICT_PROTOTYPES = YES;
				CLANG_WARN_SUSPICIOUS_MOVE = YES;
				CLANG_WARN_UNGUARDED_AVAILABILITY = YES_AGGRESSIVE;
				CLANG_WARN_UNREACHABLE_CODE = YES;
				CLANG_WARN__DUPLICATE_METHOD_MATCH = YES;
				COPY_PHASE_STRIP = NO;
				DEBUG_INFORMATION_FORMAT = "dwarf-with-dsym";
				ENABLE_NS_ASSERTIONS = NO;
				ENABLE_STRICT_OBJC_MSGSEND = YES;
				ENABLE_USER_SCRIPT_SANDBOXING = YES;
				GCC_C_LANGUAGE_STANDARD = gnu17;
				GCC_NO_COMMON_BLOCKS = YES;
				GCC_WARN_64_TO_32_BIT_CONVERSION = YES;
				GCC_WARN_ABOUT_RETURN_TYPE = YES_ERROR;
				GCC_WARN_UNDECLARED_SELECTOR = YES;
				GCC_WARN_UNINITIALIZED_AUTOS = YES_AGGRESSIVE;
				GCC_WARN_UNUSED_FUNCTION = YES;
				GCC_WARN_UNUSED_VARIABLE = YES;
				IPHONEOS_DEPLOYMENT_TARGET = 17.5;
				LOCALIZATION_PREFERS_STRING_CATALOGS = YES;
				MTL_ENABLE_DEBUG_INFO = NO;
				MTL_FAST_MATH = YES;
				SDKROOT = iphoneos;
				SWIFT_COMPILATION_MODE = wholemodule;
				VALIDATE_PRODUCT = YES;
			};
			name = Release;
		};
		98F32A432C576BEB007444C6 /* Debug */ = {
			isa = XCBuildConfiguration;
			buildSettings = {
				ASSETCATALOG_COMPILER_APPICON_NAME = AppIcon;
				ASSETCATALOG_COMPILER_GLOBAL_ACCENT_COLOR_NAME = AccentColor;
				CODE_SIGN_STYLE = Automatic;
				CURRENT_PROJECT_VERSION = 1;
				DEVELOPMENT_ASSET_PATHS = "\"CustomKeyboardSwiftUI/Preview Content\"";
				DEVELOPMENT_TEAM = SF2PJAGCR3;
				ENABLE_PREVIEWS = YES;
				GENERATE_INFOPLIST_FILE = YES;
				INFOPLIST_KEY_UIApplicationSceneManifest_Generation = YES;
				INFOPLIST_KEY_UIApplicationSupportsIndirectInputEvents = YES;
				INFOPLIST_KEY_UILaunchScreen_Generation = YES;
				INFOPLIST_KEY_UISupportedInterfaceOrientations_iPad = "UIInterfaceOrientationPortrait UIInterfaceOrientationPortraitUpsideDown UIInterfaceOrientationLandscapeLeft UIInterfaceOrientationLandscapeRight";
				INFOPLIST_KEY_UISupportedInterfaceOrientations_iPhone = "UIInterfaceOrientationPortrait UIInterfaceOrientationLandscapeLeft UIInterfaceOrientationLandscapeRight";
				LD_RUNPATH_SEARCH_PATHS = (
					"$(inherited)",
					"@executable_path/Frameworks",
				);
				MARKETING_VERSION = 1.0;
				PRODUCT_BUNDLE_IDENTIFIER = com.app.CustomKeyboardSwiftUI;
				PRODUCT_NAME = "$(TARGET_NAME)";
				SWIFT_EMIT_LOC_STRINGS = YES;
				SWIFT_VERSION = 5.0;
				TARGETED_DEVICE_FAMILY = "1,2";
			};
			name = Debug;
		};
		98F32A442C576BEB007444C6 /* Release */ = {
			isa = XCBuildConfiguration;
			buildSettings = {
				ASSETCATALOG_COMPILER_APPICON_NAME = AppIcon;
				ASSETCATALOG_COMPILER_GLOBAL_ACCENT_COLOR_NAME = AccentColor;
				CODE_SIGN_STYLE = Automatic;
				CURRENT_PROJECT_VERSION = 1;
				DEVELOPMENT_ASSET_PATHS = "\"CustomKeyboardSwiftUI/Preview Content\"";
				DEVELOPMENT_TEAM = SF2PJAGCR3;
				ENABLE_PREVIEWS = YES;
				GENERATE_INFOPLIST_FILE = YES;
				INFOPLIST_KEY_UIApplicationSceneManifest_Generation = YES;
				INFOPLIST_KEY_UIApplicationSupportsIndirectInputEvents = YES;
				INFOPLIST_KEY_UILaunchScreen_Generation = YES;
				INFOPLIST_KEY_UISupportedInterfaceOrientations_iPad = "UIInterfaceOrientationPortrait UIInterfaceOrientationPortraitUpsideDown UIInterfaceOrientationLandscapeLeft UIInterfaceOrientationLandscapeRight";
				INFOPLIST_KEY_UISupportedInterfaceOrientations_iPhone = "UIInterfaceOrientationPortrait UIInterfaceOrientationLandscapeLeft UIInterfaceOrientationLandscapeRight";
				LD_RUNPATH_SEARCH_PATHS = (
					"$(inherited)",
					"@executable_path/Frameworks",
				);
				MARKETING_VERSION = 1.0;
				PRODUCT_BUNDLE_IDENTIFIER = com.app.CustomKeyboardSwiftUI;
				PRODUCT_NAME = "$(TARGET_NAME)";
				SWIFT_EMIT_LOC_STRINGS = YES;
				SWIFT_VERSION = 5.0;
				TARGETED_DEVICE_FAMILY = "1,2";
			};
			name = Release;
		};
		98F32A462C576BEB007444C6 /* Debug */ = {
			isa = XCBuildConfiguration;
			buildSettings = {
				ALWAYS_EMBED_SWIFT_STANDARD_LIBRARIES = YES;
				BUNDLE_LOADER = "$(TEST_HOST)";
				CODE_SIGN_STYLE = Automatic;
				CURRENT_PROJECT_VERSION = 1;
				DEVELOPMENT_TEAM = SF2PJAGCR3;
				GENERATE_INFOPLIST_FILE = YES;
				IPHONEOS_DEPLOYMENT_TARGET = 17.5;
				MARKETING_VERSION = 1.0;
				PRODUCT_BUNDLE_IDENTIFIER = com.app.CustomKeyboardSwiftUITests;
				PRODUCT_NAME = "$(TARGET_NAME)";
				SWIFT_EMIT_LOC_STRINGS = NO;
				SWIFT_VERSION = 5.0;
				TARGETED_DEVICE_FAMILY = "1,2";
				TEST_HOST = "$(BUILT_PRODUCTS_DIR)/CustomKeyboardSwiftUI.app/$(BUNDLE_EXECUTABLE_FOLDER_PATH)/CustomKeyboardSwiftUI";
			};
			name = Debug;
		};
		98F32A472C576BEB007444C6 /* Release */ = {
			isa = XCBuildConfiguration;
			buildSettings = {
				ALWAYS_EMBED_SWIFT_STANDARD_LIBRARIES = YES;
				BUNDLE_LOADER = "$(TEST_HOST)";
				CODE_SIGN_STYLE = Automatic;
				CURRENT_PROJECT_VERSION = 1;
				DEVELOPMENT_TEAM = SF2PJAGCR3;
				GENERATE_INFOPLIST_FILE = YES;
				IPHONEOS_DEPLOYMENT_TARGET = 17.5;
				MARKETING_VERSION = 1.0;
				PRODUCT_BUNDLE_IDENTIFIER = com.app.CustomKeyboardSwiftUITests;
				PRODUCT_NAME = "$(TARGET_NAME)";
				SWIFT_EMIT_LOC_STRINGS = NO;
				SWIFT_VERSION = 5.0;
				TARGETED_DEVICE_FAMILY = "1,2";
				TEST_HOST = "$(BUILT_PRODUCTS_DIR)/CustomKeyboardSwiftUI.app/$(BUNDLE_EXECUTABLE_FOLDER_PATH)/CustomKeyboardSwiftUI";
			};
			name = Release;
		};
		98F32A492C576BEB007444C6 /* Debug */ = {
			isa = XCBuildConfiguration;
			buildSettings = {
				ALWAYS_EMBED_SWIFT_STANDARD_LIBRARIES = YES;
				CODE_SIGN_STYLE = Automatic;
				CURRENT_PROJECT_VERSION = 1;
				DEVELOPMENT_TEAM = SF2PJAGCR3;
				GENERATE_INFOPLIST_FILE = YES;
				MARKETING_VERSION = 1.0;
				PRODUCT_BUNDLE_IDENTIFIER = com.app.CustomKeyboardSwiftUIUITests;
				PRODUCT_NAME = "$(TARGET_NAME)";
				SWIFT_EMIT_LOC_STRINGS = NO;
				SWIFT_VERSION = 5.0;
				TARGETED_DEVICE_FAMILY = "1,2";
				TEST_TARGET_NAME = CustomKeyboardSwiftUI;
			};
			name = Debug;
		};
		98F32A4A2C576BEB007444C6 /* Release */ = {
			isa = XCBuildConfiguration;
			buildSettings = {
				ALWAYS_EMBED_SWIFT_STANDARD_LIBRARIES = YES;
				CODE_SIGN_STYLE = Automatic;
				CURRENT_PROJECT_VERSION = 1;
				DEVELOPMENT_TEAM = SF2PJAGCR3;
				GENERATE_INFOPLIST_FILE = YES;
				MARKETING_VERSION = 1.0;
				PRODUCT_BUNDLE_IDENTIFIER = com.app.CustomKeyboardSwiftUIUITests;
				PRODUCT_NAME = "$(TARGET_NAME)";
				SWIFT_EMIT_LOC_STRINGS = NO;
				SWIFT_VERSION = 5.0;
				TARGETED_DEVICE_FAMILY = "1,2";
				TEST_TARGET_NAME = CustomKeyboardSwiftUI;
			};
			name = Release;
		};
/* End XCBuildConfiguration section */

/* Begin XCConfigurationList section */
		98F32A142C576BE9007444C6 /* Build configuration list for PBXProject "CustomKeyboardSwiftUI" */ = {
			isa = XCConfigurationList;
			buildConfigurations = (
				98F32A402C576BEB007444C6 /* Debug */,
				98F32A412C576BEB007444C6 /* Release */,
			);
			defaultConfigurationIsVisible = 0;
			defaultConfigurationName = Release;
		};
		98F32A422C576BEB007444C6 /* Build configuration list for PBXNativeTarget "CustomKeyboardSwiftUI" */ = {
			isa = XCConfigurationList;
			buildConfigurations = (
				98F32A432C576BEB007444C6 /* Debug */,
				98F32A442C576BEB007444C6 /* Release */,
			);
			defaultConfigurationIsVisible = 0;
			defaultConfigurationName = Release;
		};
		98F32A452C576BEB007444C6 /* Build configuration list for PBXNativeTarget "CustomKeyboardSwiftUITests" */ = {
			isa = XCConfigurationList;
			buildConfigurations = (
				98F32A462C576BEB007444C6 /* Debug */,
				98F32A472C576BEB007444C6 /* Release */,
			);
			defaultConfigurationIsVisible = 0;
			defaultConfigurationName = Release;
		};
		98F32A482C576BEB007444C6 /* Build configuration list for PBXNativeTarget "CustomKeyboardSwiftUIUITests" */ = {
			isa = XCConfigurationList;
			buildConfigurations = (
				98F32A492C576BEB007444C6 /* Debug */,
				98F32A4A2C576BEB007444C6 /* Release */,
			);
			defaultConfigurationIsVisible = 0;
			defaultConfigurationName = Release;
		};
/* End XCConfigurationList section */

/* Begin XCVersionGroup section */
		98F32A272C576BEB007444C6 /* CustomKeyboardSwiftUI.xcdatamodeld */ = {
			isa = XCVersionGroup;
			children = (
				98F32A282C576BEB007444C6 /* CustomKeyboardSwiftUI.xcdatamodel */,
			);
			currentVersion = 98F32A282C576BEB007444C6 /* CustomKeyboardSwiftUI.xcdatamodel */;
			path = CustomKeyboardSwiftUI.xcdatamodeld;
			sourceTree = "<group>";
			versionGroupType = wrapper.xcdatamodel;
		};
/* End XCVersionGroup section */
	};
	rootObject = 98F32A112C576BE9007444C6 /* Project object */;
}
